// !$*UTF8*$!
{
	archiveVersion = 1;
	classes = {
	};
	objectVersion = 46;
	objects = {

/* Begin PBXBuildFile section */
		CF8D96A81943D2A900276684 /* OverlayScrollView.m in Sources */ = {isa = PBXBuildFile; fileRef = CF8D96A71943D2A900276684 /* OverlayScrollView.m */; };
		CF8D96AB1943DD6B00276684 /* TouchDelayGestureRecognizer.m in Sources */ = {isa = PBXBuildFile; fileRef = CF8D96AA1943DD6B00276684 /* TouchDelayGestureRecognizer.m */; };
		CFA4F48B1943C499005F3A03 /* main.m in Sources */ = {isa = PBXBuildFile; fileRef = CFA4F48A1943C499005F3A03 /* main.m */; };
		CFA4F48E1943C499005F3A03 /* AppDelegate.m in Sources */ = {isa = PBXBuildFile; fileRef = CFA4F48D1943C499005F3A03 /* AppDelegate.m */; };
		CFA4F4911943C499005F3A03 /* ViewController.m in Sources */ = {isa = PBXBuildFile; fileRef = CFA4F4901943C499005F3A03 /* ViewController.m */; };
		CFA4F4941943C499005F3A03 /* Main.storyboard in Resources */ = {isa = PBXBuildFile; fileRef = CFA4F4921943C499005F3A03 /* Main.storyboard */; };
		CFA4F4961943C499005F3A03 /* Images.xcassets in Resources */ = {isa = PBXBuildFile; fileRef = CFA4F4951943C499005F3A03 /* Images.xcassets */; };
		CFA4F4A21943C499005F3A03 /* DotsAppTests.m in Sources */ = {isa = PBXBuildFile; fileRef = CFA4F4A11943C499005F3A03 /* DotsAppTests.m */; };
		CFA4F4AD1943C4AC005F3A03 /* DotView.m in Sources */ = {isa = PBXBuildFile; fileRef = CFA4F4AC1943C4AC005F3A03 /* DotView.m */; };
		CFA4F4B01943C759005F3A03 /* UIColor+Custom.m in Sources */ = {isa = PBXBuildFile; fileRef = CFA4F4AF1943C759005F3A03 /* UIColor+Custom.m */; };
		CFA4F4B41943CCA5005F3A03 /* DotsView.m in Sources */ = {isa = PBXBuildFile; fileRef = CFA4F4B31943CCA5005F3A03 /* DotsView.m */; };
/* End PBXBuildFile section */

/* Begin PBXContainerItemProxy section */
		CFA4F49C1943C499005F3A03 /* PBXContainerItemProxy */ = {
			isa = PBXContainerItemProxy;
			containerPortal = CFA4F47D1943C499005F3A03 /* Project object */;
			proxyType = 1;
			remoteGlobalIDString = CFA4F4841943C499005F3A03;
			remoteInfo = DotsApp;
		};
/* End PBXContainerItemProxy section */

/* Begin PBXFileReference section */
		CF8D96A61943D2A900276684 /* OverlayScrollView.h */ = {isa = PBXFileReference; fileEncoding = 4; lastKnownFileType = sourcecode.c.h; path = OverlayScrollView.h; sourceTree = "<group>"; };
		CF8D96A71943D2A900276684 /* OverlayScrollView.m */ = {isa = PBXFileReference; fileEncoding = 4; lastKnownFileType = sourcecode.c.objc; path = OverlayScrollView.m; sourceTree = "<group>"; };
		CF8D96A91943DD6B00276684 /* TouchDelayGestureRecognizer.h */ = {isa = PBXFileReference; fileEncoding = 4; lastKnownFileType = sourcecode.c.h; path = TouchDelayGestureRecognizer.h; sourceTree = "<group>"; };
		CF8D96AA1943DD6B00276684 /* TouchDelayGestureRecognizer.m */ = {isa = PBXFileReference; fileEncoding = 4; lastKnownFileType = sourcecode.c.objc; path = TouchDelayGestureRecognizer.m; sourceTree = "<group>"; };
		CFA4F4851943C499005F3A03 /* DotsApp.app */ = {isa = PBXFileReference; explicitFileType = wrapper.application; includeInIndex = 0; path = DotsApp.app; sourceTree = BUILT_PRODUCTS_DIR; };
		CFA4F4891943C499005F3A03 /* Info.plist */ = {isa = PBXFileReference; lastKnownFileType = text.plist.xml; path = Info.plist; sourceTree = "<group>"; };
		CFA4F48A1943C499005F3A03 /* main.m */ = {isa = PBXFileReference; lastKnownFileType = sourcecode.c.objc; path = main.m; sourceTree = "<group>"; };
		CFA4F48C1943C499005F3A03 /* AppDelegate.h */ = {isa = PBXFileReference; lastKnownFileType = sourcecode.c.h; path = AppDelegate.h; sourceTree = "<group>"; };
		CFA4F48D1943C499005F3A03 /* AppDelegate.m */ = {isa = PBXFileReference; lastKnownFileType = sourcecode.c.objc; path = AppDelegate.m; sourceTree = "<group>"; };
		CFA4F48F1943C499005F3A03 /* ViewController.h */ = {isa = PBXFileReference; lastKnownFileType = sourcecode.c.h; path = ViewController.h; sourceTree = "<group>"; };
		CFA4F4901943C499005F3A03 /* ViewController.m */ = {isa = PBXFileReference; lastKnownFileType = sourcecode.c.objc; path = ViewController.m; sourceTree = "<group>"; };
		CFA4F4931943C499005F3A03 /* Base */ = {isa = PBXFileReference; lastKnownFileType = file.storyboard; name = Base; path = Base.lproj/Main.storyboard; sourceTree = "<group>"; };
		CFA4F4951943C499005F3A03 /* Images.xcassets */ = {isa = PBXFileReference; lastKnownFileType = folder.assetcatalog; path = Images.xcassets; sourceTree = "<group>"; };
		CFA4F49B1943C499005F3A03 /* DotsAppTests.xctest */ = {isa = PBXFileReference; explicitFileType = wrapper.cfbundle; includeInIndex = 0; path = DotsAppTests.xctest; sourceTree = BUILT_PRODUCTS_DIR; };
		CFA4F4A01943C499005F3A03 /* Info.plist */ = {isa = PBXFileReference; lastKnownFileType = text.plist.xml; path = Info.plist; sourceTree = "<group>"; };
		CFA4F4A11943C499005F3A03 /* DotsAppTests.m */ = {isa = PBXFileReference; lastKnownFileType = sourcecode.c.objc; path = DotsAppTests.m; sourceTree = "<group>"; };
		CFA4F4AB1943C4AC005F3A03 /* DotView.h */ = {isa = PBXFileReference; fileEncoding = 4; lastKnownFileType = sourcecode.c.h; path = DotView.h; sourceTree = "<group>"; };
		CFA4F4AC1943C4AC005F3A03 /* DotView.m */ = {isa = PBXFileReference; fileEncoding = 4; lastKnownFileType = sourcecode.c.objc; path = DotView.m; sourceTree = "<group>"; };
		CFA4F4AE1943C759005F3A03 /* UIColor+Custom.h */ = {isa = PBXFileReference; fileEncoding = 4; lastKnownFileType = sourcecode.c.h; path = "UIColor+Custom.h"; sourceTree = "<group>"; };
		CFA4F4AF1943C759005F3A03 /* UIColor+Custom.m */ = {isa = PBXFileReference; fileEncoding = 4; lastKnownFileType = sourcecode.c.objc; path = "UIColor+Custom.m"; sourceTree = "<group>"; };
		CFA4F4B21943CCA5005F3A03 /* DotsView.h */ = {isa = PBXFileReference; fileEncoding = 4; lastKnownFileType = sourcecode.c.h; path = DotsView.h; sourceTree = "<group>"; };
		CFA4F4B31943CCA5005F3A03 /* DotsView.m */ = {isa = PBXFileReference; fileEncoding = 4; lastKnownFileType = sourcecode.c.objc; path = DotsView.m; sourceTree = "<group>"; };
/* End PBXFileReference section */

/* Begin PBXFrameworksBuildPhase section */
		CFA4F4821943C499005F3A03 /* Frameworks */ = {
			isa = PBXFrameworksBuildPhase;
			buildActionMask = 2147483647;
			files = (
			);
			runOnlyForDeploymentPostprocessing = 0;
		};
		CFA4F4981943C499005F3A03 /* Frameworks */ = {
			isa = PBXFrameworksBuildPhase;
			buildActionMask = 2147483647;
			files = (
			);
			runOnlyForDeploymentPostprocessing = 0;
		};
/* End PBXFrameworksBuildPhase section */

/* Begin PBXGroup section */
		CFA4F47C1943C499005F3A03 = {
			isa = PBXGroup;
			children = (
				CFA4F4871943C499005F3A03 /* DotsApp */,
				CFA4F49E1943C499005F3A03 /* DotsAppTests */,
				CFA4F4861943C499005F3A03 /* Products */,
			);
			sourceTree = "<group>";
		};
		CFA4F4861943C499005F3A03 /* Products */ = {
			isa = PBXGroup;
			children = (
				CFA4F4851943C499005F3A03 /* DotsApp.app */,
				CFA4F49B1943C499005F3A03 /* DotsAppTests.xctest */,
			);
			name = Products;
			sourceTree = "<group>";
		};
		CFA4F4871943C499005F3A03 /* DotsApp */ = {
			isa = PBXGroup;
			children = (
				CFA4F4B11943C8AD005F3A03 /* iPad */,
				CFA4F4AE1943C759005F3A03 /* UIColor+Custom.h */,
				CFA4F4AF1943C759005F3A03 /* UIColor+Custom.m */,
				CFA4F48C1943C499005F3A03 /* AppDelegate.h */,
				CFA4F48D1943C499005F3A03 /* AppDelegate.m */,
				CFA4F48F1943C499005F3A03 /* ViewController.h */,
				CFA4F4901943C499005F3A03 /* ViewController.m */,
				CFA4F4921943C499005F3A03 /* Main.storyboard */,
				CFA4F4951943C499005F3A03 /* Images.xcassets */,
				CFA4F4881943C499005F3A03 /* Supporting Files */,
				CFA4F4AB1943C4AC005F3A03 /* DotView.h */,
				CFA4F4AC1943C4AC005F3A03 /* DotView.m */,
				CFA4F4B21943CCA5005F3A03 /* DotsView.h */,
				CFA4F4B31943CCA5005F3A03 /* DotsView.m */,
				CF8D96A61943D2A900276684 /* OverlayScrollView.h */,
				CF8D96A71943D2A900276684 /* OverlayScrollView.m */,
				CF8D96A91943DD6B00276684 /* TouchDelayGestureRecognizer.h */,
				CF8D96AA1943DD6B00276684 /* TouchDelayGestureRecognizer.m */,
			);
			path = DotsApp;
			sourceTree = "<group>";
		};
		CFA4F4881943C499005F3A03 /* Supporting Files */ = {
			isa = PBXGroup;
			children = (
				CFA4F4891943C499005F3A03 /* Info.plist */,
				CFA4F48A1943C499005F3A03 /* main.m */,
			);
			name = "Supporting Files";
			sourceTree = "<group>";
		};
		CFA4F49E1943C499005F3A03 /* DotsAppTests */ = {
			isa = PBXGroup;
			children = (
				CFA4F4A11943C499005F3A03 /* DotsAppTests.m */,
				CFA4F49F1943C499005F3A03 /* Supporting Files */,
			);
			path = DotsAppTests;
			sourceTree = "<group>";
		};
		CFA4F49F1943C499005F3A03 /* Supporting Files */ = {
			isa = PBXGroup;
			children = (
				CFA4F4A01943C499005F3A03 /* Info.plist */,
			);
			name = "Supporting Files";
			sourceTree = "<group>";
		};
		CFA4F4B11943C8AD005F3A03 /* iPad */ = {
			isa = PBXGroup;
			children = (
			);
			name = iPad;
			sourceTree = "<group>";
		};
/* End PBXGroup section */

/* Begin PBXNativeTarget section */
		CFA4F4841943C499005F3A03 /* DotsApp */ = {
			isa = PBXNativeTarget;
			buildConfigurationList = CFA4F4A51943C499005F3A03 /* Build configuration list for PBXNativeTarget "DotsApp" */;
			buildPhases = (
				CFA4F4811943C499005F3A03 /* Sources */,
				CFA4F4821943C499005F3A03 /* Frameworks */,
				CFA4F4831943C499005F3A03 /* Resources */,
			);
			buildRules = (
			);
			dependencies = (
			);
			name = DotsApp;
			productName = DotsApp;
			productReference = CFA4F4851943C499005F3A03 /* DotsApp.app */;
			productType = "com.apple.product-type.application";
		};
		CFA4F49A1943C499005F3A03 /* DotsAppTests */ = {
			isa = PBXNativeTarget;
			buildConfigurationList = CFA4F4A81943C499005F3A03 /* Build configuration list for PBXNativeTarget "DotsAppTests" */;
			buildPhases = (
				CFA4F4971943C499005F3A03 /* Sources */,
				CFA4F4981943C499005F3A03 /* Frameworks */,
				CFA4F4991943C499005F3A03 /* Resources */,
			);
			buildRules = (
			);
			dependencies = (
				CFA4F49D1943C499005F3A03 /* PBXTargetDependency */,
			);
			name = DotsAppTests;
			productName = DotsAppTests;
			productReference = CFA4F49B1943C499005F3A03 /* DotsAppTests.xctest */;
			productType = "com.apple.product-type.bundle.unit-test";
		};
/* End PBXNativeTarget section */

/* Begin PBXProject section */
		CFA4F47D1943C499005F3A03 /* Project object */ = {
			isa = PBXProject;
			attributes = {
				LastUpgradeCheck = 0600;
				ORGANIZATIONNAME = "Zakk Hoyt";
				TargetAttributes = {
					CFA4F4841943C499005F3A03 = {
						CreatedOnToolsVersion = 6.0;
					};
					CFA4F49A1943C499005F3A03 = {
						CreatedOnToolsVersion = 6.0;
						TestTargetID = CFA4F4841943C499005F3A03;
					};
				};
			};
			buildConfigurationList = CFA4F4801943C499005F3A03 /* Build configuration list for PBXProject "DotsApp" */;
			compatibilityVersion = "Xcode 3.2";
			developmentRegion = English;
			hasScannedForEncodings = 0;
			knownRegions = (
				en,
				Base,
			);
			mainGroup = CFA4F47C1943C499005F3A03;
			productRefGroup = CFA4F4861943C499005F3A03 /* Products */;
			projectDirPath = "";
			projectRoot = "";
			targets = (
				CFA4F4841943C499005F3A03 /* DotsApp */,
				CFA4F49A1943C499005F3A03 /* DotsAppTests */,
			);
		};
/* End PBXProject section */

/* Begin PBXResourcesBuildPhase section */
		CFA4F4831943C499005F3A03 /* Resources */ = {
			isa = PBXResourcesBuildPhase;
			buildActionMask = 2147483647;
			files = (
				CFA4F4941943C499005F3A03 /* Main.storyboard in Resources */,
				CFA4F4961943C499005F3A03 /* Images.xcassets in Resources */,
			);
			runOnlyForDeploymentPostprocessing = 0;
		};
		CFA4F4991943C499005F3A03 /* Resources */ = {
			isa = PBXResourcesBuildPhase;
			buildActionMask = 2147483647;
			files = (
			);
			runOnlyForDeploymentPostprocessing = 0;
		};
/* End PBXResourcesBuildPhase section */

/* Begin PBXSourcesBuildPhase section */
		CFA4F4811943C499005F3A03 /* Sources */ = {
			isa = PBXSourcesBuildPhase;
			buildActionMask = 2147483647;
			files = (
				CF8D96A81943D2A900276684 /* OverlayScrollView.m in Sources */,
				CF8D96AB1943DD6B00276684 /* TouchDelayGestureRecognizer.m in Sources */,
				CFA4F4911943C499005F3A03 /* ViewController.m in Sources */,
				CFA4F4B01943C759005F3A03 /* UIColor+Custom.m in Sources */,
				CFA4F4B41943CCA5005F3A03 /* DotsView.m in Sources */,
				CFA4F48E1943C499005F3A03 /* AppDelegate.m in Sources */,
				CFA4F4AD1943C4AC005F3A03 /* DotView.m in Sources */,
				CFA4F48B1943C499005F3A03 /* main.m in Sources */,
			);
			runOnlyForDeploymentPostprocessing = 0;
		};
		CFA4F4971943C499005F3A03 /* Sources */ = {
			isa = PBXSourcesBuildPhase;
			buildActionMask = 2147483647;
			files = (
				CFA4F4A21943C499005F3A03 /* DotsAppTests.m in Sources */,
			);
			runOnlyForDeploymentPostprocessing = 0;
		};
/* End PBXSourcesBuildPhase section */

/* Begin PBXTargetDependency section */
		CFA4F49D1943C499005F3A03 /* PBXTargetDependency */ = {
			isa = PBXTargetDependency;
			target = CFA4F4841943C499005F3A03 /* DotsApp */;
			targetProxy = CFA4F49C1943C499005F3A03 /* PBXContainerItemProxy */;
		};
/* End PBXTargetDependency section */

/* Begin PBXVariantGroup section */
		CFA4F4921943C499005F3A03 /* Main.storyboard */ = {
			isa = PBXVariantGroup;
			children = (
				CFA4F4931943C499005F3A03 /* Base */,
			);
			name = Main.storyboard;
			sourceTree = "<group>";
		};
/* End PBXVariantGroup section */

/* Begin XCBuildConfiguration section */
		CFA4F4A31943C499005F3A03 /* Debug */ = {
			isa = XCBuildConfiguration;
			buildSettings = {
				ALWAYS_SEARCH_USER_PATHS = NO;
				CLANG_CXX_LANGUAGE_STANDARD = "gnu++0x";
				CLANG_CXX_LIBRARY = "libc++";
				CLANG_ENABLE_MODULES = YES;
				CLANG_ENABLE_OBJC_ARC = YES;
				CLANG_WARN_BOOL_CONVERSION = YES;
				CLANG_WARN_CONSTANT_CONVERSION = YES;
				CLANG_WARN_DIRECT_OBJC_ISA_USAGE = YES_ERROR;
				CLANG_WARN_EMPTY_BODY = YES;
				CLANG_WARN_ENUM_CONVERSION = YES;
				CLANG_WARN_INT_CONVERSION = YES;
				CLANG_WARN_OBJC_ROOT_CLASS = YES_ERROR;
				CLANG_WARN_UNREACHABLE_CODE = YES;
				CLANG_WARN__DUPLICATE_METHOD_MATCH = YES;
				"CODE_SIGN_IDENTITY[sdk=iphoneos*]" = "iPhone Developer";
				COPY_PHASE_STRIP = NO;
				ENABLE_STRICT_OBJC_MSGSEND = YES;
				GCC_C_LANGUAGE_STANDARD = gnu99;
				GCC_DYNAMIC_NO_PIC = NO;
				GCC_OPTIMIZATION_LEVEL = 0;
				GCC_PREPROCESSOR_DEFINITIONS = (
					"DEBUG=1",
					"$(inherited)",
				);
				GCC_SYMBOLS_PRIVATE_EXTERN = NO;
				GCC_WARN_64_TO_32_BIT_CONVERSION = YES;
				GCC_WARN_ABOUT_RETURN_TYPE = YES_ERROR;
				GCC_WARN_UNDECLARED_SELECTOR = YES;
				GCC_WARN_UNINITIALIZED_AUTOS = YES_AGGRESSIVE;
				GCC_WARN_UNUSED_FUNCTION = YES;
				GCC_WARN_UNUSED_VARIABLE = YES;
				IPHONEOS_DEPLOYMENT_TARGET = 8.0;
				METAL_ENABLE_DEBUG_INFO = YES;
				ONLY_ACTIVE_ARCH = YES;
				SDKROOT = iphoneos;
			};
			name = Debug;
		};
		CFA4F4A41943C499005F3A03 /* Release */ = {
			isa = XCBuildConfiguration;
			buildSettings = {
				ALWAYS_SEARCH_USER_PATHS = NO;
				CLANG_CXX_LANGUAGE_STANDARD = "gnu++0x";
				CLANG_CXX_LIBRARY = "libc++";
				CLANG_ENABLE_MODULES = YES;
				CLANG_ENABLE_OBJC_ARC = YES;
				CLANG_WARN_BOOL_CONVERSION = YES;
				CLANG_WARN_CONSTANT_CONVERSION = YES;
				CLANG_WARN_DIRECT_OBJC_ISA_USAGE = YES_ERROR;
				CLANG_WARN_EMPTY_BODY = YES;
				CLANG_WARN_ENUM_CONVERSION = YES;
				CLANG_WARN_INT_CONVERSION = YES;
				CLANG_WARN_OBJC_ROOT_CLASS = YES_ERROR;
				CLANG_WARN_UNREACHABLE_CODE = YES;
				CLANG_WARN__DUPLICATE_METHOD_MATCH = YES;
				"CODE_SIGN_IDENTITY[sdk=iphoneos*]" = "iPhone Developer";
				COPY_PHASE_STRIP = YES;
				ENABLE_NS_ASSERTIONS = NO;
				ENABLE_STRICT_OBJC_MSGSEND = YES;
				GCC_C_LANGUAGE_STANDARD = gnu99;
				GCC_WARN_64_TO_32_BIT_CONVERSION = YES;
				GCC_WARN_ABOUT_RETURN_TYPE = YES_ERROR;
				GCC_WARN_UNDECLARED_SELECTOR = YES;
				GCC_WARN_UNINITIALIZED_AUTOS = YES_AGGRESSIVE;
				GCC_WARN_UNUSED_FUNCTION = YES;
				GCC_WARN_UNUSED_VARIABLE = YES;
				IPHONEOS_DEPLOYMENT_TARGET = 8.0;
				METAL_ENABLE_DEBUG_INFO = NO;
				SDKROOT = iphoneos;
				VALIDATE_PRODUCT = YES;
			};
			name = Release;
		};
		CFA4F4A61943C499005F3A03 /* Debug */ = {
			isa = XCBuildConfiguration;
			buildSettings = {
				ASSETCATALOG_COMPILER_APPICON_NAME = AppIcon;
				ASSETCATALOG_COMPILER_LAUNCHIMAGE_NAME = LaunchImage;
				INFOPLIST_FILE = DotsApp/Info.plist;
				IPHONEOS_DEPLOYMENT_TARGET = 8.0;
				LD_RUNPATH_SEARCH_PATHS = "$(inherited) @executable_path/Frameworks";
				PRODUCT_NAME = "$(TARGET_NAME)";
				TARGETED_DEVICE_FAMILY = "1,2";
			};
			name = Debug;
		};
		CFA4F4A71943C499005F3A03 /* Release */ = {
			isa = XCBuildConfiguration;
			buildSettings = {
				ASSETCATALOG_COMPILER_APPICON_NAME = AppIcon;
				ASSETCATALOG_COMPILER_LAUNCHIMAGE_NAME = LaunchImage;
				INFOPLIST_FILE = DotsApp/Info.plist;
				IPHONEOS_DEPLOYMENT_TARGET = 8.0;
				LD_RUNPATH_SEARCH_PATHS = "$(inherited) @executable_path/Frameworks";
				PRODUCT_NAME = "$(TARGET_NAME)";
				TARGETED_DEVICE_FAMILY = "1,2";
			};
			name = Release;
		};
		CFA4F4A91943C499005F3A03 /* Debug */ = {
			isa = XCBuildConfiguration;
			buildSettings = {
				BUNDLE_LOADER = "$(BUILT_PRODUCTS_DIR)/DotsApp.app/DotsApp";
				FRAMEWORK_SEARCH_PATHS = (
					"$(SDKROOT)/Developer/Library/Frameworks",
					"$(inherited)",
				);
				GCC_PREPROCESSOR_DEFINITIONS = (
					"DEBUG=1",
					"$(inherited)",
				);
				INFOPLIST_FILE = DotsAppTests/Info.plist;
				LD_RUNPATH_SEARCH_PATHS = "$(inherited) @executable_path/Frameworks @loader_path/Frameworks";
				METAL_ENABLE_DEBUG_INFO = YES;
				PRODUCT_NAME = "$(TARGET_NAME)";
				TEST_HOST = "$(BUNDLE_LOADER)";
			};
			name = Debug;
		};
		CFA4F4AA1943C499005F3A03 /* Release */ = {
			isa = XCBuildConfiguration;
			buildSettings = {
				BUNDLE_LOADER = "$(BUILT_PRODUCTS_DIR)/DotsApp.app/DotsApp";
				FRAMEWORK_SEARCH_PATHS = (
					"$(SDKROOT)/Developer/Library/Frameworks",
					"$(inherited)",
				);
				INFOPLIST_FILE = DotsAppTests/Info.plist;
				LD_RUNPATH_SEARCH_PATHS = "$(inherited) @executable_path/Frameworks @loader_path/Frameworks";
				METAL_ENABLE_DEBUG_INFO = NO;
				PRODUCT_NAME = "$(TARGET_NAME)";
				TEST_HOST = "$(BUNDLE_LOADER)";
			};
			name = Release;
		};
/* End XCBuildConfiguration section */

/* Begin XCConfigurationList section */
		CFA4F4801943C499005F3A03 /* Build configuration list for PBXProject "DotsApp" */ = {
			isa = XCConfigurationList;
			buildConfigurations = (
				CFA4F4A31943C499005F3A03 /* Debug */,
				CFA4F4A41943C499005F3A03 /* Release */,
			);
			defaultConfigurationIsVisible = 0;
			defaultConfigurationName = Release;
		};
		CFA4F4A51943C499005F3A03 /* Build configuration list for PBXNativeTarget "DotsApp" */ = {
			isa = XCConfigurationList;
			buildConfigurations = (
				CFA4F4A61943C499005F3A03 /* Debug */,
				CFA4F4A71943C499005F3A03 /* Release */,
			);
			defaultConfigurationIsVisible = 0;
			defaultConfigurationName = Release;
		};
		CFA4F4A81943C499005F3A03 /* Build configuration list for PBXNativeTarget "DotsAppTests" */ = {
			isa = XCConfigurationList;
			buildConfigurations = (
				CFA4F4A91943C499005F3A03 /* Debug */,
				CFA4F4AA1943C499005F3A03 /* Release */,
			);
			defaultConfigurationIsVisible = 0;
			defaultConfigurationName = Release;
		};
/* End XCConfigurationList section */
	};
	rootObject = CFA4F47D1943C499005F3A03 /* Project object */;
}
